{
  "name": "new",
  "version": "1.0.0",
  "lockfileVersion": 1,
  "requires": true,
  "dependencies": {
    "equest": {
      "version": "0.0.1-security",
      "resolved": "https://registry.npmjs.org/equest/-/equest-0.0.1-security.tgz",
      "integrity": "sha512-Z+KAfUon2yDdegZIi9v9MJmLIFAxg3Tm+N1h/HuqOax2NpmZ8mKmYvfyy3jB7NHSjI487O8YV4pWMAJsUEjPqg=="
    },
    "postman": {
      "version": "0.2.0",
      "resolved": "https://registry.npmjs.org/postman/-/postman-0.2.0.tgz",
      "integrity": "sha1-c8s2NDNtbPN7l2gmVhIEFXUB4E4="
    }
  }
}
